
Microsoft Visual Studio Solution File, Format Version 12.00
# Visual Studio 2012
Project("{2150E333-8FDC-42A3-9474-1A3956D46DE8}") = "PatrolControl", "PatrolControl", "{290EECAA-CC3B-45D7-A357-73277E006075}"
EndProject
Project("{FAE04EC0-301F-11D3-BF4B-00C04F79EFBC}") = "PatrolControl.Web", "..\PatrolControl.Web\PatrolControl.Web.csproj", "{25F4E71A-1811-422B-B30F-7313AD420193}"
EndProject
Project("{FAE04EC0-301F-11D3-BF4B-00C04F79EFBC}") = "PatrolControl", "PatrolControl.csproj", "{ACFA7D66-EFDA-40D0-946A-69D89A561936}"
	ProjectSection(ProjectDependencies) = postProject
		{25F4E71A-1811-422B-B30F-7313AD420193} = {25F4E71A-1811-422B-B30F-7313AD420193}
	EndProjectSection
EndProject
Global
	GlobalSection(SolutionConfigurationPlatforms) = preSolution
		Debug|Any CPU = Debug|Any CPU
		Release|Any CPU = Release|Any CPU
	EndGlobalSection
	GlobalSection(ProjectConfigurationPlatforms) = postSolution
		{25F4E71A-1811-422B-B30F-7313AD420193}.Debug|Any CPU.ActiveCfg = Debug|Any CPU
		{25F4E71A-1811-422B-B30F-7313AD420193}.Debug|Any CPU.Build.0 = Debug|Any CPU
		{25F4E71A-1811-422B-B30F-7313AD420193}.Release|Any CPU.ActiveCfg = Release|Any CPU
		{25F4E71A-1811-422B-B30F-7313AD420193}.Release|Any CPU.Build.0 = Release|Any CPU
		{ACFA7D66-EFDA-40D0-946A-69D89A561936}.Debug|Any CPU.ActiveCfg = Debug|Any CPU
		{ACFA7D66-EFDA-40D0-946A-69D89A561936}.Debug|Any CPU.Build.0 = Debug|Any CPU
		{ACFA7D66-EFDA-40D0-946A-69D89A561936}.Release|Any CPU.ActiveCfg = Release|Any CPU
		{ACFA7D66-EFDA-40D0-946A-69D89A561936}.Release|Any CPU.Build.0 = Release|Any CPU
	EndGlobalSection
	GlobalSection(SolutionProperties) = preSolution
		HideSolutionNode = FALSE
	EndGlobalSection
	GlobalSection(NestedProjects) = preSolution
		{25F4E71A-1811-422B-B30F-7313AD420193} = {290EECAA-CC3B-45D7-A357-73277E006075}
		{ACFA7D66-EFDA-40D0-946A-69D89A561936} = {290EECAA-CC3B-45D7-A357-73277E006075}
	EndGlobalSection
	GlobalSection(ExtensibilityGlobals) = postSolution
		EnterpriseLibraryConfigurationToolBinariesPath = packages\Unity.2.1.505.2\lib\NET35
	EndGlobalSection
EndGlobal
