
Microsoft Visual Studio Solution File, Format Version 12.00
# Visual Studio 2012
Project("{FAE04EC0-301F-11D3-BF4B-00C04F79EFBC}") = "PatrolControl.UI", "PatrolControl.UI\PatrolControl.UI.csproj", "{42316775-B9CB-4A44-BD45-055D045EDE4D}"
EndProject
Project("{2150E333-8FDC-42A3-9474-1A3956D46DE8}") = "PatrolControl.Service", "PatrolControl.Service", "{E4D64D03-CAAE-4F57-B84B-BAA54258027D}"
EndProject
Project("{FAE04EC0-301F-11D3-BF4B-00C04F79EFBC}") = "PatrolControl.Service.Web", "PatrolControl.Service.Web\PatrolControl.Service.Web.csproj", "{4F0ABBDF-EB9E-4CB1-8072-1A80D8BDE431}"
EndProject
Project("{FAE04EC0-301F-11D3-BF4B-00C04F79EFBC}") = "PatrolControl.Service", "PatrolControl.Service\PatrolControl.Service.csproj", "{96CDFC16-556B-498C-AE07-EA55DB6B1E84}"
	ProjectSection(ProjectDependencies) = postProject
		{4F0ABBDF-EB9E-4CB1-8072-1A80D8BDE431} = {4F0ABBDF-EB9E-4CB1-8072-1A80D8BDE431}
	EndProjectSection
EndProject
Global
	GlobalSection(SolutionConfigurationPlatforms) = preSolution
		Debug|Any CPU = Debug|Any CPU
		Release|Any CPU = Release|Any CPU
	EndGlobalSection
	GlobalSection(ProjectConfigurationPlatforms) = postSolution
		{42316775-B9CB-4A44-BD45-055D045EDE4D}.Debug|Any CPU.ActiveCfg = Debug|Any CPU
		{42316775-B9CB-4A44-BD45-055D045EDE4D}.Debug|Any CPU.Build.0 = Debug|Any CPU
		{42316775-B9CB-4A44-BD45-055D045EDE4D}.Release|Any CPU.ActiveCfg = Release|Any CPU
		{42316775-B9CB-4A44-BD45-055D045EDE4D}.Release|Any CPU.Build.0 = Release|Any CPU
		{4F0ABBDF-EB9E-4CB1-8072-1A80D8BDE431}.Debug|Any CPU.ActiveCfg = Debug|Any CPU
		{4F0ABBDF-EB9E-4CB1-8072-1A80D8BDE431}.Debug|Any CPU.Build.0 = Debug|Any CPU
		{4F0ABBDF-EB9E-4CB1-8072-1A80D8BDE431}.Release|Any CPU.ActiveCfg = Release|Any CPU
		{4F0ABBDF-EB9E-4CB1-8072-1A80D8BDE431}.Release|Any CPU.Build.0 = Release|Any CPU
		{96CDFC16-556B-498C-AE07-EA55DB6B1E84}.Debug|Any CPU.ActiveCfg = Debug|Any CPU
		{96CDFC16-556B-498C-AE07-EA55DB6B1E84}.Debug|Any CPU.Build.0 = Debug|Any CPU
		{96CDFC16-556B-498C-AE07-EA55DB6B1E84}.Release|Any CPU.ActiveCfg = Release|Any CPU
		{96CDFC16-556B-498C-AE07-EA55DB6B1E84}.Release|Any CPU.Build.0 = Release|Any CPU
	EndGlobalSection
	GlobalSection(SolutionProperties) = preSolution
		HideSolutionNode = FALSE
	EndGlobalSection
	GlobalSection(NestedProjects) = preSolution
		{4F0ABBDF-EB9E-4CB1-8072-1A80D8BDE431} = {E4D64D03-CAAE-4F57-B84B-BAA54258027D}
		{96CDFC16-556B-498C-AE07-EA55DB6B1E84} = {E4D64D03-CAAE-4F57-B84B-BAA54258027D}
	EndGlobalSection
	GlobalSection(ExtensibilityGlobals) = postSolution
		EnterpriseLibraryConfigurationToolBinariesPath = packages\Unity.2.1.505.2\lib\NET35
	EndGlobalSection
EndGlobal
