
Microsoft Visual Studio Solution File, Format Version 12.00
# Visual Studio 2012
Project("{FAE04EC0-301F-11D3-BF4B-00C04F79EFBC}") = "PatrolControl.Service", "PatrolControl.Service.csproj", "{DD0FA9CC-6282-4514-9DE9-604C4B52CDC7}"
EndProject
Project("{FAE04EC0-301F-11D3-BF4B-00C04F79EFBC}") = "PatrolControl.UI", "..\PatrolControl.UI\PatrolControl.UI.csproj", "{42316775-B9CB-4A44-BD45-055D045EDE4D}"
	ProjectSection(ProjectDependencies) = postProject
		{DD0FA9CC-6282-4514-9DE9-604C4B52CDC7} = {DD0FA9CC-6282-4514-9DE9-604C4B52CDC7}
	EndProjectSection
EndProject
Global
	GlobalSection(SolutionConfigurationPlatforms) = preSolution
		Debug|Any CPU = Debug|Any CPU
		Release|Any CPU = Release|Any CPU
	EndGlobalSection
	GlobalSection(ProjectConfigurationPlatforms) = postSolution
		{DD0FA9CC-6282-4514-9DE9-604C4B52CDC7}.Debug|Any CPU.ActiveCfg = Debug|Any CPU
		{DD0FA9CC-6282-4514-9DE9-604C4B52CDC7}.Debug|Any CPU.Build.0 = Debug|Any CPU
		{DD0FA9CC-6282-4514-9DE9-604C4B52CDC7}.Release|Any CPU.ActiveCfg = Release|Any CPU
		{DD0FA9CC-6282-4514-9DE9-604C4B52CDC7}.Release|Any CPU.Build.0 = Release|Any CPU
		{42316775-B9CB-4A44-BD45-055D045EDE4D}.Debug|Any CPU.ActiveCfg = Debug|Any CPU
		{42316775-B9CB-4A44-BD45-055D045EDE4D}.Debug|Any CPU.Build.0 = Debug|Any CPU
		{42316775-B9CB-4A44-BD45-055D045EDE4D}.Release|Any CPU.ActiveCfg = Release|Any CPU
		{42316775-B9CB-4A44-BD45-055D045EDE4D}.Release|Any CPU.Build.0 = Release|Any CPU
	EndGlobalSection
	GlobalSection(SolutionProperties) = preSolution
		HideSolutionNode = FALSE
	EndGlobalSection
EndGlobal
